
Microsoft Visual Studio Solution File, Format Version 12.00
# Visual Studio 15
VisualStudioVersion = 15.0.28010.2003
MinimumVisualStudioVersion = 10.0.40219.1
Project("{2150E333-8FDC-42A3-9474-1A3956D46DE8}") = "src", "src", "{3302275E-1EF8-402F-8F8C-AF54F7F6479B}"
EndProject
Project("{2150E333-8FDC-42A3-9474-1A3956D46DE8}") = "MobileClient", "MobileClient", "{14877688-C0CB-4F54-B8E3-5E9CB99E8236}"
EndProject
Project("{2150E333-8FDC-42A3-9474-1A3956D46DE8}") = "WebClient", "WebClient", "{643D0E3C-65A9-4F06-82F2-D6B5CA8ECE2B}"
EndProject
Project("{2150E333-8FDC-42A3-9474-1A3956D46DE8}") = "Services", "Services", "{B4BFB7F4-98DE-4E8B-B117-10ADC70DBD15}"
EndProject
Project("{2150E333-8FDC-42A3-9474-1A3956D46DE8}") = "IdentityServer", "IdentityServer", "{021F6E0B-EFB6-4EA3-AB74-28BD65227E82}"
EndProject
Project("{2150E333-8FDC-42A3-9474-1A3956D46DE8}") = "MessageReceiver", "MessageReceiver", "{FB041B44-E30A-4961-A519-7790C6B9470C}"
EndProject
Project("{2150E333-8FDC-42A3-9474-1A3956D46DE8}") = "MessageSender", "MessageSender", "{AD2ED6CC-1670-4A0A-8F57-11481B5E59FD}"
EndProject
Project("{2150E333-8FDC-42A3-9474-1A3956D46DE8}") = "Testing", "Testing", "{543758BB-8661-4685-BAB1-6C9AE98C20E8}"
EndProject
Project("{2150E333-8FDC-42A3-9474-1A3956D46DE8}") = "Domain", "Domain", "{B09773EB-DED4-40C8-A726-9738EA55AE6D}"
EndProject
Project("{FAE04EC0-301F-11D3-BF4B-00C04F79EFBC}") = "MicroservicesExample.Domain", "MicroservicesExample.Domain\MicroservicesExample.Domain.csproj", "{913B8933-961D-4C2C-9456-04BF3557B412}"
EndProject
Project("{FAE04EC0-301F-11D3-BF4B-00C04F79EFBC}") = "IdentityServerSvr", "IdentityServerSvr\IdentityServerSvr.csproj", "{8F074424-D0D2-4D4E-9731-FFD31C630F66}"
EndProject
Project("{9092AA53-FB77-4645-B42D-1CCCA6BD08BD}") = "WebClientApp", "WebClientApp\WebClientApp.njsproj", "{4A159ED1-8176-44EA-838D-0B5F73053910}"
EndProject
Project("{FAE04EC0-301F-11D3-BF4B-00C04F79EFBC}") = "MessageSenderRestApi", "MessageSenderRestApi\MessageSenderRestApi.csproj", "{0734138A-A3B3-4A39-8AB3-5937BCE67B9B}"
EndProject
Project("{2150E333-8FDC-42A3-9474-1A3956D46DE8}") = "Persistance", "Persistance", "{6BF692E8-48E0-431C-8BD6-7E10C1344240}"
EndProject
Project("{2150E333-8FDC-42A3-9474-1A3956D46DE8}") = "Infrastructure", "Infrastructure", "{4A998295-CD77-4AB6-92FC-44A5A1581636}"
EndProject
Project("{FAE04EC0-301F-11D3-BF4B-00C04F79EFBC}") = "MicroservicesExample.Domain.Persistance", "Domain.Persistance\MicroservicesExample.Domain.Persistance.csproj", "{A5E69C7C-E545-4713-8C56-A8D8944CAD3D}"
EndProject
Project("{FAE04EC0-301F-11D3-BF4B-00C04F79EFBC}") = "MicroservicesExample.Domain.Repository", "Domain.Repository\MicroservicesExample.Domain.Repository.csproj", "{6892CFB4-BC50-4F18-952C-05FA63D640F4}"
EndProject
Project("{FAE04EC0-301F-11D3-BF4B-00C04F79EFBC}") = "MicroservicesExample.Domain.Application", "MicroservicesExample.Domain.Application\MicroservicesExample.Domain.Application.csproj", "{8DB2EDA6-E00B-4065-A726-3980EF1D0F27}"
EndProject
Project("{FAE04EC0-301F-11D3-BF4B-00C04F79EFBC}") = "MicroservicesExample.Domain.Infrastructure", "MicroservicesExample.Domain.Infrastructure\MicroservicesExample.Domain.Infrastructure.csproj", "{5849FF80-31BB-49A2-8AC8-518AA7C7CE46}"
EndProject
Project("{2150E333-8FDC-42A3-9474-1A3956D46DE8}") = "Shared", "Shared", "{FDF69E5A-1591-41AE-8A65-93BF50C666CF}"
EndProject
Project("{FAE04EC0-301F-11D3-BF4B-00C04F79EFBC}") = "MicroservicesExample.Domain.Shared", "MicroservicesExample.Domain.Shared\MicroservicesExample.Domain.Shared.csproj", "{7B8D0C8B-FA94-4F14-966D-BF690BBB9382}"
EndProject
Global
	GlobalSection(SolutionConfigurationPlatforms) = preSolution
		Debug|Any CPU = Debug|Any CPU
		Release|Any CPU = Release|Any CPU
	EndGlobalSection
	GlobalSection(ProjectConfigurationPlatforms) = postSolution
		{913B8933-961D-4C2C-9456-04BF3557B412}.Debug|Any CPU.ActiveCfg = Debug|Any CPU
		{913B8933-961D-4C2C-9456-04BF3557B412}.Debug|Any CPU.Build.0 = Debug|Any CPU
		{913B8933-961D-4C2C-9456-04BF3557B412}.Release|Any CPU.ActiveCfg = Release|Any CPU
		{913B8933-961D-4C2C-9456-04BF3557B412}.Release|Any CPU.Build.0 = Release|Any CPU
		{8F074424-D0D2-4D4E-9731-FFD31C630F66}.Debug|Any CPU.ActiveCfg = Debug|Any CPU
		{8F074424-D0D2-4D4E-9731-FFD31C630F66}.Debug|Any CPU.Build.0 = Debug|Any CPU
		{8F074424-D0D2-4D4E-9731-FFD31C630F66}.Release|Any CPU.ActiveCfg = Release|Any CPU
		{8F074424-D0D2-4D4E-9731-FFD31C630F66}.Release|Any CPU.Build.0 = Release|Any CPU
		{4A159ED1-8176-44EA-838D-0B5F73053910}.Debug|Any CPU.ActiveCfg = Debug|Any CPU
		{4A159ED1-8176-44EA-838D-0B5F73053910}.Debug|Any CPU.Build.0 = Debug|Any CPU
		{4A159ED1-8176-44EA-838D-0B5F73053910}.Release|Any CPU.ActiveCfg = Release|Any CPU
		{4A159ED1-8176-44EA-838D-0B5F73053910}.Release|Any CPU.Build.0 = Release|Any CPU
		{0734138A-A3B3-4A39-8AB3-5937BCE67B9B}.Debug|Any CPU.ActiveCfg = Debug|Any CPU
		{0734138A-A3B3-4A39-8AB3-5937BCE67B9B}.Debug|Any CPU.Build.0 = Debug|Any CPU
		{0734138A-A3B3-4A39-8AB3-5937BCE67B9B}.Release|Any CPU.ActiveCfg = Release|Any CPU
		{0734138A-A3B3-4A39-8AB3-5937BCE67B9B}.Release|Any CPU.Build.0 = Release|Any CPU
		{A5E69C7C-E545-4713-8C56-A8D8944CAD3D}.Debug|Any CPU.ActiveCfg = Debug|Any CPU
		{A5E69C7C-E545-4713-8C56-A8D8944CAD3D}.Debug|Any CPU.Build.0 = Debug|Any CPU
		{A5E69C7C-E545-4713-8C56-A8D8944CAD3D}.Release|Any CPU.ActiveCfg = Release|Any CPU
		{A5E69C7C-E545-4713-8C56-A8D8944CAD3D}.Release|Any CPU.Build.0 = Release|Any CPU
		{6892CFB4-BC50-4F18-952C-05FA63D640F4}.Debug|Any CPU.ActiveCfg = Debug|Any CPU
		{6892CFB4-BC50-4F18-952C-05FA63D640F4}.Debug|Any CPU.Build.0 = Debug|Any CPU
		{6892CFB4-BC50-4F18-952C-05FA63D640F4}.Release|Any CPU.ActiveCfg = Release|Any CPU
		{6892CFB4-BC50-4F18-952C-05FA63D640F4}.Release|Any CPU.Build.0 = Release|Any CPU
		{8DB2EDA6-E00B-4065-A726-3980EF1D0F27}.Debug|Any CPU.ActiveCfg = Debug|Any CPU
		{8DB2EDA6-E00B-4065-A726-3980EF1D0F27}.Debug|Any CPU.Build.0 = Debug|Any CPU
		{8DB2EDA6-E00B-4065-A726-3980EF1D0F27}.Release|Any CPU.ActiveCfg = Release|Any CPU
		{8DB2EDA6-E00B-4065-A726-3980EF1D0F27}.Release|Any CPU.Build.0 = Release|Any CPU
		{5849FF80-31BB-49A2-8AC8-518AA7C7CE46}.Debug|Any CPU.ActiveCfg = Debug|Any CPU
		{5849FF80-31BB-49A2-8AC8-518AA7C7CE46}.Debug|Any CPU.Build.0 = Debug|Any CPU
		{5849FF80-31BB-49A2-8AC8-518AA7C7CE46}.Release|Any CPU.ActiveCfg = Release|Any CPU
		{5849FF80-31BB-49A2-8AC8-518AA7C7CE46}.Release|Any CPU.Build.0 = Release|Any CPU
		{7B8D0C8B-FA94-4F14-966D-BF690BBB9382}.Debug|Any CPU.ActiveCfg = Debug|Any CPU
		{7B8D0C8B-FA94-4F14-966D-BF690BBB9382}.Debug|Any CPU.Build.0 = Debug|Any CPU
		{7B8D0C8B-FA94-4F14-966D-BF690BBB9382}.Release|Any CPU.ActiveCfg = Release|Any CPU
		{7B8D0C8B-FA94-4F14-966D-BF690BBB9382}.Release|Any CPU.Build.0 = Release|Any CPU
	EndGlobalSection
	GlobalSection(SolutionProperties) = preSolution
		HideSolutionNode = FALSE
	EndGlobalSection
	GlobalSection(NestedProjects) = preSolution
		{14877688-C0CB-4F54-B8E3-5E9CB99E8236} = {3302275E-1EF8-402F-8F8C-AF54F7F6479B}
		{643D0E3C-65A9-4F06-82F2-D6B5CA8ECE2B} = {3302275E-1EF8-402F-8F8C-AF54F7F6479B}
		{B4BFB7F4-98DE-4E8B-B117-10ADC70DBD15} = {3302275E-1EF8-402F-8F8C-AF54F7F6479B}
		{021F6E0B-EFB6-4EA3-AB74-28BD65227E82} = {B4BFB7F4-98DE-4E8B-B117-10ADC70DBD15}
		{FB041B44-E30A-4961-A519-7790C6B9470C} = {B4BFB7F4-98DE-4E8B-B117-10ADC70DBD15}
		{AD2ED6CC-1670-4A0A-8F57-11481B5E59FD} = {B4BFB7F4-98DE-4E8B-B117-10ADC70DBD15}
		{543758BB-8661-4685-BAB1-6C9AE98C20E8} = {3302275E-1EF8-402F-8F8C-AF54F7F6479B}
		{B09773EB-DED4-40C8-A726-9738EA55AE6D} = {B4BFB7F4-98DE-4E8B-B117-10ADC70DBD15}
		{913B8933-961D-4C2C-9456-04BF3557B412} = {B09773EB-DED4-40C8-A726-9738EA55AE6D}
		{8F074424-D0D2-4D4E-9731-FFD31C630F66} = {021F6E0B-EFB6-4EA3-AB74-28BD65227E82}
		{4A159ED1-8176-44EA-838D-0B5F73053910} = {643D0E3C-65A9-4F06-82F2-D6B5CA8ECE2B}
		{0734138A-A3B3-4A39-8AB3-5937BCE67B9B} = {AD2ED6CC-1670-4A0A-8F57-11481B5E59FD}
		{6BF692E8-48E0-431C-8BD6-7E10C1344240} = {B4BFB7F4-98DE-4E8B-B117-10ADC70DBD15}
		{4A998295-CD77-4AB6-92FC-44A5A1581636} = {B4BFB7F4-98DE-4E8B-B117-10ADC70DBD15}
		{A5E69C7C-E545-4713-8C56-A8D8944CAD3D} = {6BF692E8-48E0-431C-8BD6-7E10C1344240}
		{6892CFB4-BC50-4F18-952C-05FA63D640F4} = {6BF692E8-48E0-431C-8BD6-7E10C1344240}
		{8DB2EDA6-E00B-4065-A726-3980EF1D0F27} = {B09773EB-DED4-40C8-A726-9738EA55AE6D}
		{5849FF80-31BB-49A2-8AC8-518AA7C7CE46} = {4A998295-CD77-4AB6-92FC-44A5A1581636}
		{FDF69E5A-1591-41AE-8A65-93BF50C666CF} = {B4BFB7F4-98DE-4E8B-B117-10ADC70DBD15}
		{7B8D0C8B-FA94-4F14-966D-BF690BBB9382} = {FDF69E5A-1591-41AE-8A65-93BF50C666CF}
	EndGlobalSection
	GlobalSection(ExtensibilityGlobals) = postSolution
		SolutionGuid = {9F112DE6-8B07-48E2-80CE-BFF68E25568E}
	EndGlobalSection
EndGlobal
